// !$*UTF8*$!
{
	archiveVersion = 1;
	classes = {
	};
	objectVersion = 77;
	objects = {

/* Begin PBXContainerItemProxy section */
		BC9AC1512DCEA8CD0051C84A /* PBXContainerItemProxy */ = {
			isa = PBXContainerItemProxy;
			containerPortal = BC9AC1392DCEA8CB0051C84A /* Project object */;
			proxyType = 1;
			remoteGlobalIDString = BC9AC1402DCEA8CB0051C84A;
			remoteInfo = MediMate;
		};
		BC9AC15B2DCEA8CD0051C84A /* PBXContainerItemProxy */ = {
			isa = PBXContainerItemProxy;
			containerPortal = BC9AC1392DCEA8CB0051C84A /* Project object */;
			proxyType = 1;
			remoteGlobalIDString = BC9AC1402DCEA8CB0051C84A;
			remoteInfo = MediMate;
		};
/* End PBXContainerItemProxy section */

/* Begin PBXFileReference section */
		BC9AC1412DCEA8CB0051C84A /* MediMate.app */ = {isa = PBXFileReference; explicitFileType = wrapper.application; includeInIndex = 0; path = MediMate.app; sourceTree = BUILT_PRODUCTS_DIR; };
		BC9AC1502DCEA8CD0051C84A /* MediMateTests.xctest */ = {isa = PBXFileReference; explicitFileType = wrapper.cfbundle; includeInIndex = 0; path = MediMateTests.xctest; sourceTree = BUILT_PRODUCTS_DIR; };
		BC9AC15A2DCEA8CD0051C84A /* MediMateUITests.xctest */ = {isa = PBXFileReference; explicitFileType = wrapper.cfbundle; includeInIndex = 0; path = MediMateUITests.xctest; sourceTree = BUILT_PRODUCTS_DIR; };
/* End PBXFileReference section */

/* Begin PBXFileSystemSynchronizedRootGroup section */
		BC9AC1432DCEA8CB0051C84A /* MediMate */ = {
			isa = PBXFileSystemSynchronizedRootGroup;
			path = MediMate;
			sourceTree = "<group>";
		};
		BC9AC1532DCEA8CD0051C84A /* MediMateTests */ = {
			isa = PBXFileSystemSynchronizedRootGroup;
			path = MediMateTests;
			sourceTree = "<group>";
		};
		BC9AC15D2DCEA8CD0051C84A /* MediMateUITests */ = {
			isa = PBXFileSystemSynchronizedRootGroup;
			path = MediMateUITests;
			sourceTree = "<group>";
		};
/* End PBXFileSystemSynchronizedRootGroup section */

/* Begin PBXFrameworksBuildPhase section */
		BC9AC13E2DCEA8CB0051C84A /* Frameworks */ = {
			isa = PBXFrameworksBuildPhase;
			buildActionMask = 2147483647;
			files = (
			);
			runOnlyForDeploymentPostprocessing = 0;
		};
		BC9AC14D2DCEA8CD0051C84A /* Frameworks */ = {
			isa = PBXFrameworksBuildPhase;
			buildActionMask = 2147483647;
			files = (
			);
			runOnlyForDeploymentPostprocessing = 0;
		};
		BC9AC1572DCEA8CD0051C84A /* Frameworks */ = {
			isa = PBXFrameworksBuildPhase;
			buildActionMask = 2147483647;
			files = (
			);
			runOnlyForDeploymentPostprocessing = 0;
		};
/* End PBXFrameworksBuildPhase section */

/* Begin PBXGroup section */
		BC9AC1382DCEA8CB0051C84A = {
			isa = PBXGroup;
			children = (
				BC9AC1432DCEA8CB0051C84A /* MediMate */,
				BC9AC1532DCEA8CD0051C84A /* MediMateTests */,
				BC9AC15D2DCEA8CD0051C84A /* MediMateUITests */,
				BC9AC1422DCEA8CB0051C84A /* Products */,
			);
			sourceTree = "<group>";
		};
		BC9AC1422DCEA8CB0051C84A /* Products */ = {
			isa = PBXGroup;
			children = (
				BC9AC1412DCEA8CB0051C84A /* MediMate.app */,
				BC9AC1502DCEA8CD0051C84A /* MediMateTests.xctest */,
				BC9AC15A2DCEA8CD0051C84A /* MediMateUITests.xctest */,
			);
			name = Products;
			sourceTree = "<group>";
		};
/* End PBXGroup section */

/* Begin PBXNativeTarget section */
		BC9AC1402DCEA8CB0051C84A /* MediMate */ = {
			isa = PBXNativeTarget;
			buildConfigurationList = BC9AC1642DCEA8CD0051C84A /* Build configuration list for PBXNativeTarget "MediMate" */;
			buildPhases = (
				BC9AC13D2DCEA8CB0051C84A /* Sources */,
				BC9AC13E2DCEA8CB0051C84A /* Frameworks */,
				BC9AC13F2DCEA8CB0051C84A /* Resources */,
			);
			buildRules = (
			);
			dependencies = (
			);
			fileSystemSynchronizedGroups = (
				BC9AC1432DCEA8CB0051C84A /* MediMate */,
			);
			name = MediMate;
			packageProductDependencies = (
			);
			productName = MediMate;
			productReference = BC9AC1412DCEA8CB0051C84A /* MediMate.app */;
			productType = "com.apple.product-type.application";
		};
		BC9AC14F2DCEA8CD0051C84A /* MediMateTests */ = {
			isa = PBXNativeTarget;
			buildConfigurationList = BC9AC1672DCEA8CD0051C84A /* Build configuration list for PBXNativeTarget "MediMateTests" */;
			buildPhases = (
				BC9AC14C2DCEA8CD0051C84A /* Sources */,
				BC9AC14D2DCEA8CD0051C84A /* Frameworks */,
				BC9AC14E2DCEA8CD0051C84A /* Resources */,
			);
			buildRules = (
			);
			dependencies = (
				BC9AC1522DCEA8CD0051C84A /* PBXTargetDependency */,
			);
			fileSystemSynchronizedGroups = (
				BC9AC1532DCEA8CD0051C84A /* MediMateTests */,
			);
			name = MediMateTests;
			packageProductDependencies = (
			);
			productName = MediMateTests;
			productReference = BC9AC1502DCEA8CD0051C84A /* MediMateTests.xctest */;
			productType = "com.apple.product-type.bundle.unit-test";
		};
		BC9AC1592DCEA8CD0051C84A /* MediMateUITests */ = {
			isa = PBXNativeTarget;
			buildConfigurationList = BC9AC16A2DCEA8CD0051C84A /* Build configuration list for PBXNativeTarget "MediMateUITests" */;
			buildPhases = (
				BC9AC1562DCEA8CD0051C84A /* Sources */,
				BC9AC1572DCEA8CD0051C84A /* Frameworks */,
				BC9AC1582DCEA8CD0051C84A /* Resources */,
			);
			buildRules = (
			);
			dependencies = (
				BC9AC15C2DCEA8CD0051C84A /* PBXTargetDependency */,
			);
			fileSystemSynchronizedGroups = (
				BC9AC15D2DCEA8CD0051C84A /* MediMateUITests */,
			);
			name = MediMateUITests;
			packageProductDependencies = (
			);
			productName = MediMateUITests;
			productReference = BC9AC15A2DCEA8CD0051C84A /* MediMateUITests.xctest */;
			productType = "com.apple.product-type.bundle.ui-testing";
		};
/* End PBXNativeTarget section */

/* Begin PBXProject section */
		BC9AC1392DCEA8CB0051C84A /* Project object */ = {
			isa = PBXProject;
			attributes = {
				BuildIndependentTargetsInParallel = 1;
				LastSwiftUpdateCheck = 1630;
				LastUpgradeCheck = 1630;
				TargetAttributes = {
					BC9AC1402DCEA8CB0051C84A = {
						CreatedOnToolsVersion = 16.3;
					};
					BC9AC14F2DCEA8CD0051C84A = {
						CreatedOnToolsVersion = 16.3;
						TestTargetID = BC9AC1402DCEA8CB0051C84A;
					};
					BC9AC1592DCEA8CD0051C84A = {
						CreatedOnToolsVersion = 16.3;
						TestTargetID = BC9AC1402DCEA8CB0051C84A;
					};
				};
			};
			buildConfigurationList = BC9AC13C2DCEA8CB0051C84A /* Build configuration list for PBXProject "MediMate" */;
			developmentRegion = en;
			hasScannedForEncodings = 0;
			knownRegions = (
				en,
				Base,
			);
			mainGroup = BC9AC1382DCEA8CB0051C84A;
			minimizedProjectReferenceProxies = 1;
			preferredProjectObjectVersion = 77;
			productRefGroup = BC9AC1422DCEA8CB0051C84A /* Products */;
			projectDirPath = "";
			projectRoot = "";
			targets = (
				BC9AC1402DCEA8CB0051C84A /* MediMate */,
				BC9AC14F2DCEA8CD0051C84A /* MediMateTests */,
				BC9AC1592DCEA8CD0051C84A /* MediMateUITests */,
			);
		};
/* End PBXProject section */

/* Begin PBXResourcesBuildPhase section */
		BC9AC13F2DCEA8CB0051C84A /* Resources */ = {
			isa = PBXResourcesBuildPhase;
			buildActionMask = 2147483647;
			files = (
			);
			runOnlyForDeploymentPostprocessing = 0;
		};
		BC9AC14E2DCEA8CD0051C84A /* Resources */ = {
			isa = PBXResourcesBuildPhase;
			buildActionMask = 2147483647;
			files = (
			);
			runOnlyForDeploymentPostprocessing = 0;
		};
		BC9AC1582DCEA8CD0051C84A /* Resources */ = {
			isa = PBXResourcesBuildPhase;
			buildActionMask = 2147483647;
			files = (
			);
			runOnlyForDeploymentPostprocessing = 0;
		};
/* End PBXResourcesBuildPhase section */

/* Begin PBXSourcesBuildPhase section */
		BC9AC13D2DCEA8CB0051C84A /* Sources */ = {
			isa = PBXSourcesBuildPhase;
			buildActionMask = 2147483647;
			files = (
			);
			runOnlyForDeploymentPostprocessing = 0;
		};
		BC9AC14C2DCEA8CD0051C84A /* Sources */ = {
			isa = PBXSourcesBuildPhase;
			buildActionMask = 2147483647;
			files = (
			);
			runOnlyForDeploymentPostprocessing = 0;
		};
		BC9AC1562DCEA8CD0051C84A /* Sources */ = {
			isa = PBXSourcesBuildPhase;
			buildActionMask = 2147483647;
			files = (
			);
			runOnlyForDeploymentPostprocessing = 0;
		};
/* End PBXSourcesBuildPhase section */

/* Begin PBXTargetDependency section */
		BC9AC1522DCEA8CD0051C84A /* PBXTargetDependency */ = {
			isa = PBXTargetDependency;
			target = BC9AC1402DCEA8CB0051C84A /* MediMate */;
			targetProxy = BC9AC1512DCEA8CD0051C84A /* PBXContainerItemProxy */;
		};
		BC9AC15C2DCEA8CD0051C84A /* PBXTargetDependency */ = {
			isa = PBXTargetDependency;
			target = BC9AC1402DCEA8CB0051C84A /* MediMate */;
			targetProxy = BC9AC15B2DCEA8CD0051C84A /* PBXContainerItemProxy */;
		};
/* End PBXTargetDependency section */

/* Begin XCBuildConfiguration section */
		BC9AC1622DCEA8CD0051C84A /* Debug */ = {
			isa = XCBuildConfiguration;
			buildSettings = {
				ALWAYS_SEARCH_USER_PATHS = NO;
				ASSETCATALOG_COMPILER_GENERATE_SWIFT_ASSET_SYMBOL_EXTENSIONS = YES;
				CLANG_ANALYZER_NONNULL = YES;
				CLANG_ANALYZER_NUMBER_OBJECT_CONVERSION = YES_AGGRESSIVE;
				CLANG_CXX_LANGUAGE_STANDARD = "gnu++20";
				CLANG_ENABLE_MODULES = YES;
				CLANG_ENABLE_OBJC_ARC = YES;
				CLANG_ENABLE_OBJC_WEAK = YES;
				CLANG_WARN_BLOCK_CAPTURE_AUTORELEASING = YES;
				CLANG_WARN_BOOL_CONVERSION = YES;
				CLANG_WARN_COMMA = YES;
				CLANG_WARN_CONSTANT_CONVERSION = YES;
				CLANG_WARN_DEPRECATED_OBJC_IMPLEMENTATIONS = YES;
				CLANG_WARN_DIRECT_OBJC_ISA_USAGE = YES_ERROR;
				CLANG_WARN_DOCUMENTATION_COMMENTS = YES;
				CLANG_WARN_EMPTY_BODY = YES;
				CLANG_WARN_ENUM_CONVERSION = YES;
				CLANG_WARN_INFINITE_RECURSION = YES;
				CLANG_WARN_INT_CONVERSION = YES;
				CLANG_WARN_NON_LITERAL_NULL_CONVERSION = YES;
				CLANG_WARN_OBJC_IMPLICIT_RETAIN_SELF = YES;
				CLANG_WARN_OBJC_LITERAL_CONVERSION = YES;
				CLANG_WARN_OBJC_ROOT_CLASS = YES_ERROR;
				CLANG_WARN_QUOTED_INCLUDE_IN_FRAMEWORK_HEADER = YES;
				CLANG_WARN_RANGE_LOOP_ANALYSIS = YES;
				CLANG_WARN_STRICT_PROTOTYPES = YES;
				CLANG_WARN_SUSPICIOUS_MOVE = YES;
				CLANG_WARN_UNGUARDED_AVAILABILITY = YES_AGGRESSIVE;
				CLANG_WARN_UNREACHABLE_CODE = YES;
				CLANG_WARN__DUPLICATE_METHOD_MATCH = YES;
				COPY_PHASE_STRIP = NO;
				DEBUG_INFORMATION_FORMAT = dwarf;
				DEVELOPMENT_TEAM = A653B885WN;
				ENABLE_STRICT_OBJC_MSGSEND = YES;
				ENABLE_TESTABILITY = YES;
				ENABLE_USER_SCRIPT_SANDBOXING = YES;
				GCC_C_LANGUAGE_STANDARD = gnu17;
				GCC_DYNAMIC_NO_PIC = NO;
				GCC_NO_COMMON_BLOCKS = YES;
				GCC_OPTIMIZATION_LEVEL = 0;
				GCC_PREPROCESSOR_DEFINITIONS = (
					"DEBUG=1",
					"$(inherited)",
				);
				GCC_WARN_64_TO_32_BIT_CONVERSION = YES;
				GCC_WARN_ABOUT_RETURN_TYPE = YES_ERROR;
				GCC_WARN_UNDECLARED_SELECTOR = YES;
				GCC_WARN_UNINITIALIZED_AUTOS = YES_AGGRESSIVE;
				GCC_WARN_UNUSED_FUNCTION = YES;
				GCC_WARN_UNUSED_VARIABLE = YES;
				IPHONEOS_DEPLOYMENT_TARGET = 18.4;
				LOCALIZATION_PREFERS_STRING_CATALOGS = YES;
				MTL_ENABLE_DEBUG_INFO = INCLUDE_SOURCE;
				MTL_FAST_MATH = YES;
				ONLY_ACTIVE_ARCH = YES;
				SDKROOT = iphoneos;
				SWIFT_ACTIVE_COMPILATION_CONDITIONS = "DEBUG $(inherited)";
				SWIFT_OPTIMIZATION_LEVEL = "-Onone";
			};
			name = Debug;
		};
		BC9AC1632DCEA8CD0051C84A /* Release */ = {
			isa = XCBuildConfiguration;
			buildSettings = {
				ALWAYS_SEARCH_USER_PATHS = NO;
				ASSETCATALOG_COMPILER_GENERATE_SWIFT_ASSET_SYMBOL_EXTENSIONS = YES;
				CLANG_ANALYZER_NONNULL = YES;
				CLANG_ANALYZER_NUMBER_OBJECT_CONVERSION = YES_AGGRESSIVE;
				CLANG_CXX_LANGUAGE_STANDARD = "gnu++20";
				CLANG_ENABLE_MODULES = YES;
				CLANG_ENABLE_OBJC_ARC = YES;
				CLANG_ENABLE_OBJC_WEAK = YES;
				CLANG_WARN_BLOCK_CAPTURE_AUTORELEASING = YES;
				CLANG_WARN_BOOL_CONVERSION = YES;
				CLANG_WARN_COMMA = YES;
				CLANG_WARN_CONSTANT_CONVERSION = YES;
				CLANG_WARN_DEPRECATED_OBJC_IMPLEMENTATIONS = YES;
				CLANG_WARN_DIRECT_OBJC_ISA_USAGE = YES_ERROR;
				CLANG_WARN_DOCUMENTATION_COMMENTS = YES;
				CLANG_WARN_EMPTY_BODY = YES;
				CLANG_WARN_ENUM_CONVERSION = YES;
				CLANG_WARN_INFINITE_RECURSION = YES;
				CLANG_WARN_INT_CONVERSION = YES;
				CLANG_WARN_NON_LITERAL_NULL_CONVERSION = YES;
				CLANG_WARN_OBJC_IMPLICIT_RETAIN_SELF = YES;
				CLANG_WARN_OBJC_LITERAL_CONVERSION = YES;
				CLANG_WARN_OBJC_ROOT_CLASS = YES_ERROR;
				CLANG_WARN_QUOTED_INCLUDE_IN_FRAMEWORK_HEADER = YES;
				CLANG_WARN_RANGE_LOOP_ANALYSIS = YES;
				CLANG_WARN_STRICT_PROTOTYPES = YES;
				CLANG_WARN_SUSPICIOUS_MOVE = YES;
				CLANG_WARN_UNGUARDED_AVAILABILITY = YES_AGGRESSIVE;
				CLANG_WARN_UNREACHABLE_CODE = YES;
				CLANG_WARN__DUPLICATE_METHOD_MATCH = YES;
				COPY_PHASE_STRIP = NO;
				DEBUG_INFORMATION_FORMAT = "dwarf-with-dsym";
				DEVELOPMENT_TEAM = A653B885WN;
				ENABLE_NS_ASSERTIONS = NO;
				ENABLE_STRICT_OBJC_MSGSEND = YES;
				ENABLE_USER_SCRIPT_SANDBOXING = YES;
				GCC_C_LANGUAGE_STANDARD = gnu17;
				GCC_NO_COMMON_BLOCKS = YES;
				GCC_WARN_64_TO_32_BIT_CONVERSION = YES;
				GCC_WARN_ABOUT_RETURN_TYPE = YES_ERROR;
				GCC_WARN_UNDECLARED_SELECTOR = YES;
				GCC_WARN_UNINITIALIZED_AUTOS = YES_AGGRESSIVE;
				GCC_WARN_UNUSED_FUNCTION = YES;
				GCC_WARN_UNUSED_VARIABLE = YES;
				IPHONEOS_DEPLOYMENT_TARGET = 18.4;
				LOCALIZATION_PREFERS_STRING_CATALOGS = YES;
				MTL_ENABLE_DEBUG_INFO = NO;
				MTL_FAST_MATH = YES;
				SDKROOT = iphoneos;
				SWIFT_COMPILATION_MODE = wholemodule;
				VALIDATE_PRODUCT = YES;
			};
			name = Release;
		};
		BC9AC1652DCEA8CD0051C84A /* Debug */ = {
			isa = XCBuildConfiguration;
			buildSettings = {
				ASSETCATALOG_COMPILER_APPICON_NAME = AppIcon;
				ASSETCATALOG_COMPILER_GLOBAL_ACCENT_COLOR_NAME = AccentColor;
				CODE_SIGN_ENTITLEMENTS = MediMate/MediMate.entitlements;
				CODE_SIGN_STYLE = Automatic;
				CURRENT_PROJECT_VERSION = 1;
				DEVELOPMENT_TEAM = A653B885WN;
				ENABLE_PREVIEWS = YES;
				GENERATE_INFOPLIST_FILE = YES;
				INFOPLIST_KEY_NSHealthShareUsageDescription = "To read the Health data and show it to the user";
				INFOPLIST_KEY_UIApplicationSceneManifest_Generation = YES;
				INFOPLIST_KEY_UIApplicationSupportsIndirectInputEvents = YES;
				INFOPLIST_KEY_UILaunchScreen_Generation = YES;
				INFOPLIST_KEY_UISupportedInterfaceOrientations_iPad = "UIInterfaceOrientationPortrait UIInterfaceOrientationPortraitUpsideDown UIInterfaceOrientationLandscapeLeft UIInterfaceOrientationLandscapeRight";
				INFOPLIST_KEY_UISupportedInterfaceOrientations_iPhone = "UIInterfaceOrientationPortrait UIInterfaceOrientationLandscapeLeft UIInterfaceOrientationLandscapeRight";
				LD_RUNPATH_SEARCH_PATHS = (
					"$(inherited)",
					"@executable_path/Frameworks",
				);
				MARKETING_VERSION = 1.0;
				PRODUCT_BUNDLE_IDENTIFIER = de.bestler.mediMate.MediMate;
				PRODUCT_NAME = "$(TARGET_NAME)";
				SWIFT_EMIT_LOC_STRINGS = YES;
				SWIFT_VERSION = 5.0;
				TARGETED_DEVICE_FAMILY = "1,2";
			};
			name = Debug;
		};
		BC9AC1662DCEA8CD0051C84A /* Release */ = {
			isa = XCBuildConfiguration;
			buildSettings = {
				ASSETCATALOG_COMPILER_APPICON_NAME = AppIcon;
				ASSETCATALOG_COMPILER_GLOBAL_ACCENT_COLOR_NAME = AccentColor;
				CODE_SIGN_ENTITLEMENTS = MediMate/MediMate.entitlements;
				CODE_SIGN_STYLE = Automatic;
				CURRENT_PROJECT_VERSION = 1;
				DEVELOPMENT_TEAM = A653B885WN;
				ENABLE_PREVIEWS = YES;
				GENERATE_INFOPLIST_FILE = YES;
				INFOPLIST_KEY_NSHealthShareUsageDescription = "To read the Health data and show it to the user";
				INFOPLIST_KEY_UIApplicationSceneManifest_Generation = YES;
				INFOPLIST_KEY_UIApplicationSupportsIndirectInputEvents = YES;
				INFOPLIST_KEY_UILaunchScreen_Generation = YES;
				INFOPLIST_KEY_UISupportedInterfaceOrientations_iPad = "UIInterfaceOrientationPortrait UIInterfaceOrientationPortraitUpsideDown UIInterfaceOrientationLandscapeLeft UIInterfaceOrientationLandscapeRight";
				INFOPLIST_KEY_UISupportedInterfaceOrientations_iPhone = "UIInterfaceOrientationPortrait UIInterfaceOrientationLandscapeLeft UIInterfaceOrientationLandscapeRight";
				LD_RUNPATH_SEARCH_PATHS = (
					"$(inherited)",
					"@executable_path/Frameworks",
				);
				MARKETING_VERSION = 1.0;
				PRODUCT_BUNDLE_IDENTIFIER = de.bestler.mediMate.MediMate;
				PRODUCT_NAME = "$(TARGET_NAME)";
				SWIFT_EMIT_LOC_STRINGS = YES;
				SWIFT_VERSION = 5.0;
				TARGETED_DEVICE_FAMILY = "1,2";
			};
			name = Release;
		};
		BC9AC1682DCEA8CD0051C84A /* Debug */ = {
			isa = XCBuildConfiguration;
			buildSettings = {
				BUNDLE_LOADER = "$(TEST_HOST)";
				CODE_SIGN_STYLE = Automatic;
				CURRENT_PROJECT_VERSION = 1;
				DEVELOPMENT_TEAM = A653B885WN;
				GENERATE_INFOPLIST_FILE = YES;
				IPHONEOS_DEPLOYMENT_TARGET = 18.4;
				MARKETING_VERSION = 1.0;
				PRODUCT_BUNDLE_IDENTIFIER = de.bestler.mediMate.MediMateTests;
				PRODUCT_NAME = "$(TARGET_NAME)";
				SWIFT_EMIT_LOC_STRINGS = NO;
				SWIFT_VERSION = 5.0;
				TARGETED_DEVICE_FAMILY = "1,2";
				TEST_HOST = "$(BUILT_PRODUCTS_DIR)/MediMate.app/$(BUNDLE_EXECUTABLE_FOLDER_PATH)/MediMate";
			};
			name = Debug;
		};
		BC9AC1692DCEA8CD0051C84A /* Release */ = {
			isa = XCBuildConfiguration;
			buildSettings = {
				BUNDLE_LOADER = "$(TEST_HOST)";
				CODE_SIGN_STYLE = Automatic;
				CURRENT_PROJECT_VERSION = 1;
				DEVELOPMENT_TEAM = A653B885WN;
				GENERATE_INFOPLIST_FILE = YES;
				IPHONEOS_DEPLOYMENT_TARGET = 18.4;
				MARKETING_VERSION = 1.0;
				PRODUCT_BUNDLE_IDENTIFIER = de.bestler.mediMate.MediMateTests;
				PRODUCT_NAME = "$(TARGET_NAME)";
				SWIFT_EMIT_LOC_STRINGS = NO;
				SWIFT_VERSION = 5.0;
				TARGETED_DEVICE_FAMILY = "1,2";
				TEST_HOST = "$(BUILT_PRODUCTS_DIR)/MediMate.app/$(BUNDLE_EXECUTABLE_FOLDER_PATH)/MediMate";
			};
			name = Release;
		};
		BC9AC16B2DCEA8CD0051C84A /* Debug */ = {
			isa = XCBuildConfiguration;
			buildSettings = {
				CODE_SIGN_STYLE = Automatic;
				CURRENT_PROJECT_VERSION = 1;
				DEVELOPMENT_TEAM = A653B885WN;
				GENERATE_INFOPLIST_FILE = YES;
				MARKETING_VERSION = 1.0;
				PRODUCT_BUNDLE_IDENTIFIER = de.bestler.mediMate.MediMateUITests;
				PRODUCT_NAME = "$(TARGET_NAME)";
				SWIFT_EMIT_LOC_STRINGS = NO;
				SWIFT_VERSION = 5.0;
				TARGETED_DEVICE_FAMILY = "1,2";
				TEST_TARGET_NAME = MediMate;
			};
			name = Debug;
		};
		BC9AC16C2DCEA8CD0051C84A /* Release */ = {
			isa = XCBuildConfiguration;
			buildSettings = {
				CODE_SIGN_STYLE = Automatic;
				CURRENT_PROJECT_VERSION = 1;
				DEVELOPMENT_TEAM = A653B885WN;
				GENERATE_INFOPLIST_FILE = YES;
				MARKETING_VERSION = 1.0;
				PRODUCT_BUNDLE_IDENTIFIER = de.bestler.mediMate.MediMateUITests;
				PRODUCT_NAME = "$(TARGET_NAME)";
				SWIFT_EMIT_LOC_STRINGS = NO;
				SWIFT_VERSION = 5.0;
				TARGETED_DEVICE_FAMILY = "1,2";
				TEST_TARGET_NAME = MediMate;
			};
			name = Release;
		};
/* End XCBuildConfiguration section */

/* Begin XCConfigurationList section */
		BC9AC13C2DCEA8CB0051C84A /* Build configuration list for PBXProject "MediMate" */ = {
			isa = XCConfigurationList;
			buildConfigurations = (
				BC9AC1622DCEA8CD0051C84A /* Debug */,
				BC9AC1632DCEA8CD0051C84A /* Release */,
			);
			defaultConfigurationIsVisible = 0;
			defaultConfigurationName = Release;
		};
		BC9AC1642DCEA8CD0051C84A /* Build configuration list for PBXNativeTarget "MediMate" */ = {
			isa = XCConfigurationList;
			buildConfigurations = (
				BC9AC1652DCEA8CD0051C84A /* Debug */,
				BC9AC1662DCEA8CD0051C84A /* Release */,
			);
			defaultConfigurationIsVisible = 0;
			defaultConfigurationName = Release;
		};
		BC9AC1672DCEA8CD0051C84A /* Build configuration list for PBXNativeTarget "MediMateTests" */ = {
			isa = XCConfigurationList;
			buildConfigurations = (
				BC9AC1682DCEA8CD0051C84A /* Debug */,
				BC9AC1692DCEA8CD0051C84A /* Release */,
			);
			defaultConfigurationIsVisible = 0;
			defaultConfigurationName = Release;
		};
		BC9AC16A2DCEA8CD0051C84A /* Build configuration list for PBXNativeTarget "MediMateUITests" */ = {
			isa = XCConfigurationList;
			buildConfigurations = (
				BC9AC16B2DCEA8CD0051C84A /* Debug */,
				BC9AC16C2DCEA8CD0051C84A /* Release */,
			);
			defaultConfigurationIsVisible = 0;
			defaultConfigurationName = Release;
		};
/* End XCConfigurationList section */
	};
	rootObject = BC9AC1392DCEA8CB0051C84A /* Project object */;
}
